
Microsoft Visual Studio Solution File, Format Version 12.00
Project("{FAE04EC0-301F-11D3-BF4B-00C04F79EFBC}") = "MiniApi", "MiniApi\MiniApi.csproj", "{FF7D7839-FB31-4D76-B790-119D4022708F}"
EndProject
Project("{FAE04EC0-301F-11D3-BF4B-00C04F79EFBC}") = "MiniApi.MigrationService", "MiniApi.MigrationService\MiniApi.MigrationService.csproj", "{A730C7D9-8D9F-46F0-805E-FAF65512AC8F}"
EndProject
Project("{FAE04EC0-301F-11D3-BF4B-00C04F79EFBC}") = "MiniApi.Hosting", "MiniApi.Hosting\MiniApi.Hosting.csproj", "{D46F7214-C99B-4E0C-B28F-B087757CEC77}"
EndProject
Project("{FAE04EC0-301F-11D3-BF4B-00C04F79EFBC}") = "MiniApi.IntegrationTests", "MiniApi.IntegrationTests\MiniApi.IntegrationTests.csproj", "{C561CE22-8B4F-4E3C-94A9-824AA012BCA1}"
EndProject
Global
	GlobalSection(SolutionConfigurationPlatforms) = preSolution
		Debug|Any CPU = Debug|Any CPU
		Release|Any CPU = Release|Any CPU
	EndGlobalSection
	GlobalSection(ProjectConfigurationPlatforms) = postSolution
		{FF7D7839-FB31-4D76-B790-119D4022708F}.Debug|Any CPU.ActiveCfg = Debug|Any CPU
		{FF7D7839-FB31-4D76-B790-119D4022708F}.Debug|Any CPU.Build.0 = Debug|Any CPU
		{FF7D7839-FB31-4D76-B790-119D4022708F}.Release|Any CPU.ActiveCfg = Release|Any CPU
		{FF7D7839-FB31-4D76-B790-119D4022708F}.Release|Any CPU.Build.0 = Release|Any CPU
		{A730C7D9-8D9F-46F0-805E-FAF65512AC8F}.Debug|Any CPU.ActiveCfg = Debug|Any CPU
		{A730C7D9-8D9F-46F0-805E-FAF65512AC8F}.Debug|Any CPU.Build.0 = Debug|Any CPU
		{A730C7D9-8D9F-46F0-805E-FAF65512AC8F}.Release|Any CPU.ActiveCfg = Release|Any CPU
		{A730C7D9-8D9F-46F0-805E-FAF65512AC8F}.Release|Any CPU.Build.0 = Release|Any CPU
		{D46F7214-C99B-4E0C-B28F-B087757CEC77}.Debug|Any CPU.ActiveCfg = Debug|Any CPU
		{D46F7214-C99B-4E0C-B28F-B087757CEC77}.Debug|Any CPU.Build.0 = Debug|Any CPU
		{D46F7214-C99B-4E0C-B28F-B087757CEC77}.Release|Any CPU.ActiveCfg = Release|Any CPU
		{D46F7214-C99B-4E0C-B28F-B087757CEC77}.Release|Any CPU.Build.0 = Release|Any CPU
		{C561CE22-8B4F-4E3C-94A9-824AA012BCA1}.Debug|Any CPU.ActiveCfg = Debug|Any CPU
		{C561CE22-8B4F-4E3C-94A9-824AA012BCA1}.Debug|Any CPU.Build.0 = Debug|Any CPU
		{C561CE22-8B4F-4E3C-94A9-824AA012BCA1}.Release|Any CPU.ActiveCfg = Release|Any CPU
		{C561CE22-8B4F-4E3C-94A9-824AA012BCA1}.Release|Any CPU.Build.0 = Release|Any CPU
	EndGlobalSection
	GlobalSection(SolutionProperties) = preSolution
		HideSolutionNode = FALSE
	EndGlobalSection
EndGlobal
